{
  "name": "tracker",
  "lockfileVersion": 3,
  "requires": true,
  "packages": {
    "": {
      "dependencies": {
        "@fontsource/lexend-mega": "^5.2.10"
      }
    },
    "node_modules/@fontsource/lexend-mega": {
      "version": "5.2.10",
      "resolved": "https://registry.npmjs.org/@fontsource/lexend-mega/-/lexend-mega-5.2.10.tgz",
      "integrity": "sha512-Llmi1c6A2K40quWZrB+Zqnw5xdHlxrr5eOIYNnRFo4aE8Alzotv810CihhKyNMyavxpSfPESN8REQpzL+LmsUg==",
      "license": "OFL-1.1",
      "funding": {
        "url": "https://github.com/sponsors/ayuhito"
      }
    }
  }
}
